
Microsoft Visual Studio Solution File, Format Version 12.00
# Visual Studio Version 17
VisualStudioVersion = 17.3.32811.315
MinimumVisualStudioVersion = 10.0.40219.1
Project("{FAE04EC0-301F-11D3-BF4B-00C04F79EFBC}") = "Hackerrank.BirthdayCakeCandles", "Hackerrank.BirthdayCakeCandles\Hackerrank.BirthdayCakeCandles.csproj", "{41F68EB1-24CB-4460-B5F3-575D23726A2C}"
EndProject
Global
	GlobalSection(SolutionConfigurationPlatforms) = preSolution
		Debug|Any CPU = Debug|Any CPU
		Release|Any CPU = Release|Any CPU
	EndGlobalSection
	GlobalSection(ProjectConfigurationPlatforms) = postSolution
		{41F68EB1-24CB-4460-B5F3-575D23726A2C}.Debug|Any CPU.ActiveCfg = Debug|Any CPU
		{41F68EB1-24CB-4460-B5F3-575D23726A2C}.Debug|Any CPU.Build.0 = Debug|Any CPU
		{41F68EB1-24CB-4460-B5F3-575D23726A2C}.Release|Any CPU.ActiveCfg = Release|Any CPU
		{41F68EB1-24CB-4460-B5F3-575D23726A2C}.Release|Any CPU.Build.0 = Release|Any CPU
	EndGlobalSection
	GlobalSection(SolutionProperties) = preSolution
		HideSolutionNode = FALSE
	EndGlobalSection
	GlobalSection(ExtensibilityGlobals) = postSolution
		SolutionGuid = {5E77A200-A1C1-4270-A994-0BEA5CF66DA2}
	EndGlobalSection
EndGlobal
